// !$*UTF8*$!
{
	archiveVersion = 1;
	classes = {
	};
	objectVersion = 56;
	objects = {

/* Begin PBXBuildFile section */
		8F3A1B2C4D5E6F708192A0E0 /* CrayonPianoApp.swift in Sources */ = {isa = PBXBuildFile; fileRef = 8F3A1B2C4D5E6F708192A0D0 /* CrayonPianoApp.swift */; };
		8F3A1B2C4D5E6F708192A0E1 /* ContentView.swift in Sources */ = {isa = PBXBuildFile; fileRef = 8F3A1B2C4D5E6F708192A0D1 /* ContentView.swift */; };
		8F3A1B2C4D5E6F708192A0E2 /* CrayonTheme.swift in Sources */ = {isa = PBXBuildFile; fileRef = 8F3A1B2C4D5E6F708192A0D2 /* CrayonTheme.swift */; };
		8F3A1B2C4D5E6F708192A0E3 /* PitchMath.swift in Sources */ = {isa = PBXBuildFile; fileRef = 8F3A1B2C4D5E6F708192A0D3 /* PitchMath.swift */; };
		8F3A1B2C4D5E6F708192A0E4 /* SpectrumAnalyzer.swift in Sources */ = {isa = PBXBuildFile; fileRef = 8F3A1B2C4D5E6F708192A0D4 /* SpectrumAnalyzer.swift */; };
		8F3A1B2C4D5E6F708192A0E5 /* PianoSession.swift in Sources */ = {isa = PBXBuildFile; fileRef = 8F3A1B2C4D5E6F708192A0D5 /* PianoSession.swift */; };
		8F3A1B2C4D5E6F708192A0E6 /* PianoKeyboardView.swift in Sources */ = {isa = PBXBuildFile; fileRef = 8F3A1B2C4D5E6F708192A0D6 /* PianoKeyboardView.swift */; };
		8F3A1B2C4D5E6F708192A0C1 /* Assets.xcassets in Resources */ = {isa = PBXBuildFile; fileRef = 8F3A1B2C4D5E6F708192A0C0 /* Assets.xcassets */; };
/* End PBXBuildFile section */

/* Begin PBXFileReference section */
		8F3A1B2C4D5E6F708192A0B3 /* CrayonPiano.app */ = {isa = PBXFileReference; explicitFileType = wrapper.application; includeInIndex = 0; path = CrayonPiano.app; sourceTree = BUILT_PRODUCTS_DIR; };
		8F3A1B2C4D5E6F708192A0D0 /* CrayonPianoApp.swift */ = {isa = PBXFileReference; lastKnownFileType = sourcecode.swift; path = CrayonPianoApp.swift; sourceTree = "<group>"; };
		8F3A1B2C4D5E6F708192A0D1 /* ContentView.swift */ = {isa = PBXFileReference; lastKnownFileType = sourcecode.swift; path = ContentView.swift; sourceTree = "<group>"; };
		8F3A1B2C4D5E6F708192A0D2 /* CrayonTheme.swift */ = {isa = PBXFileReference; lastKnownFileType = sourcecode.swift; path = CrayonTheme.swift; sourceTree = "<group>"; };
		8F3A1B2C4D5E6F708192A0D3 /* PitchMath.swift */ = {isa = PBXFileReference; lastKnownFileType = sourcecode.swift; path = PitchMath.swift; sourceTree = "<group>"; };
		8F3A1B2C4D5E6F708192A0D4 /* SpectrumAnalyzer.swift */ = {isa = PBXFileReference; lastKnownFileType = sourcecode.swift; path = SpectrumAnalyzer.swift; sourceTree = "<group>"; };
		8F3A1B2C4D5E6F708192A0D5 /* PianoSession.swift */ = {isa = PBXFileReference; lastKnownFileType = sourcecode.swift; path = PianoSession.swift; sourceTree = "<group>"; };
		8F3A1B2C4D5E6F708192A0D6 /* PianoKeyboardView.swift */ = {isa = PBXFileReference; lastKnownFileType = sourcecode.swift; path = PianoKeyboardView.swift; sourceTree = "<group>"; };
		8F3A1B2C4D5E6F708192A0C0 /* Assets.xcassets */ = {isa = PBXFileReference; lastKnownFileType = folder.assetcatalog; path = Assets.xcassets; sourceTree = "<group>"; };
/* End PBXFileReference section */

/* Begin PBXFrameworksBuildPhase section */
		8F3A1B2C4D5E6F708192A0B6 /* Frameworks */ = {
			isa = PBXFrameworksBuildPhase;
			buildActionMask = 2147483647;
			files = (
			);
			runOnlyForDeploymentPostprocessing = 0;
		};
/* End PBXFrameworksBuildPhase section */

/* Begin PBXGroup section */
		8F3A1B2C4D5E6F708192A0B7 /* Main */ = {
			isa = PBXGroup;
			children = (
				8F3A1B2C4D5E6F708192A0B9 /* CrayonPiano */,
				8F3A1B2C4D5E6F708192A0B8 /* Products */,
			);
			sourceTree = "<group>";
		};
		8F3A1B2C4D5E6F708192A0B8 /* Products */ = {
			isa = PBXGroup;
			children = (
				8F3A1B2C4D5E6F708192A0B3 /* CrayonPiano.app */,
			);
			name = Products;
			sourceTree = "<group>";
		};
		8F3A1B2C4D5E6F708192A0B9 /* CrayonPiano */ = {
			isa = PBXGroup;
			children = (
				8F3A1B2C4D5E6F708192A0D0 /* CrayonPianoApp.swift */,
				8F3A1B2C4D5E6F708192A0D1 /* ContentView.swift */,
				8F3A1B2C4D5E6F708192A0D2 /* CrayonTheme.swift */,
				8F3A1B2C4D5E6F708192A0D3 /* PitchMath.swift */,
				8F3A1B2C4D5E6F708192A0D4 /* SpectrumAnalyzer.swift */,
				8F3A1B2C4D5E6F708192A0D5 /* PianoSession.swift */,
				8F3A1B2C4D5E6F708192A0D6 /* PianoKeyboardView.swift */,
				8F3A1B2C4D5E6F708192A0C0 /* Assets.xcassets */,
			);
			path = CrayonPiano;
			sourceTree = "<group>";
		};
/* End PBXGroup section */

/* Begin PBXNativeTarget section */
		8F3A1B2C4D5E6F708192A0B2 /* CrayonPiano */ = {
			isa = PBXNativeTarget;
			buildConfigurationList = 8F3A1B2C4D5E6F708192A0C3 /* Build configuration list for PBXNativeTarget "CrayonPiano" */;
			buildPhases = (
				8F3A1B2C4D5E6F708192A0B4 /* Sources */,
				8F3A1B2C4D5E6F708192A0B6 /* Frameworks */,
				8F3A1B2C4D5E6F708192A0B5 /* Resources */,
			);
			buildRules = (
			);
			dependencies = (
			);
			name = CrayonPiano;
			productName = CrayonPiano;
			productReference = 8F3A1B2C4D5E6F708192A0B3 /* CrayonPiano.app */;
			productType = "com.apple.product-type.application";
		};
/* End PBXNativeTarget section */

/* Begin PBXProject section */
		8F3A1B2C4D5E6F708192A0B1 /* Project object */ = {
			isa = PBXProject;
			attributes = {
				BuildIndependentTargetsInParallel = 1;
				LastSwiftUpdateCheck = 1540;
				LastUpgradeCheck = 1540;
				TargetAttributes = {
					8F3A1B2C4D5E6F708192A0B2 = {
						CreatedOnToolsVersion = 15.4;
					};
				};
			};
			buildConfigurationList = 8F3A1B2C4D5E6F708192A0C2 /* Build configuration list for PBXProject "CrayonPiano" */;
			compatibilityVersion = "Xcode 14.0";
			developmentRegion = en;
			hasScannedForEncodings = 0;
			knownRegions = (
				en,
				fr,
				Base,
			);
			mainGroup = 8F3A1B2C4D5E6F708192A0B7 /* Main */;
			productRefGroup = 8F3A1B2C4D5E6F708192A0B8 /* Products */;
			projectDirPath = "";
			projectRoot = "";
			targets = (
				8F3A1B2C4D5E6F708192A0B2 /* CrayonPiano */,
			);
		};
/* End PBXProject section */

/* Begin PBXResourcesBuildPhase section */
		8F3A1B2C4D5E6F708192A0B5 /* Resources */ = {
			isa = PBXResourcesBuildPhase;
			buildActionMask = 2147483647;
			files = (
				8F3A1B2C4D5E6F708192A0C1 /* Assets.xcassets in Resources */,
			);
			runOnlyForDeploymentPostprocessing = 0;
		};
/* End PBXResourcesBuildPhase section */

/* Begin PBXSourcesBuildPhase section */
		8F3A1B2C4D5E6F708192A0B4 /* Sources */ = {
			isa = PBXSourcesBuildPhase;
			buildActionMask = 2147483647;
			files = (
				8F3A1B2C4D5E6F708192A0E0 /* CrayonPianoApp.swift in Sources */,
				8F3A1B2C4D5E6F708192A0E1 /* ContentView.swift in Sources */,
				8F3A1B2C4D5E6F708192A0E2 /* CrayonTheme.swift in Sources */,
				8F3A1B2C4D5E6F708192A0E3 /* PitchMath.swift in Sources */,
				8F3A1B2C4D5E6F708192A0E4 /* SpectrumAnalyzer.swift in Sources */,
				8F3A1B2C4D5E6F708192A0E5 /* PianoSession.swift in Sources */,
				8F3A1B2C4D5E6F708192A0E6 /* PianoKeyboardView.swift in Sources */,
			);
			runOnlyForDeploymentPostprocessing = 0;
		};
/* End PBXSourcesBuildPhase section */

/* Begin XCBuildConfiguration section */
		8F3A1B2C4D5E6F708192A0C4 /* Debug */ = {
			isa = XCBuildConfiguration;
			buildSettings = {
				ALWAYS_SEARCH_USER_PATHS = NO;
				ASSETCATALOG_COMPILER_GENERATE_SWIFT_ASSET_SYMBOL_EXTENSIONS = YES;
				CLANG_ENABLE_MODULES = YES;
				CLANG_ENABLE_OBJC_ARC = YES;
				COPY_PHASE_STRIP = NO;
				DEBUG_INFORMATION_FORMAT = dwarf;
				ENABLE_TESTABILITY = YES;
				GCC_DYNAMIC_NO_PIC = NO;
				GCC_OPTIMIZATION_LEVEL = 0;
				IPHONEOS_DEPLOYMENT_TARGET = 17.0;
				MTL_ENABLE_DEBUG_INFO = INCLUDE_SOURCE;
				ONLY_ACTIVE_ARCH = YES;
				SDKROOT = iphoneos;
				SWIFT_ACTIVE_COMPILATION_CONDITIONS = "DEBUG $(inherited)";
				SWIFT_OPTIMIZATION_LEVEL = "-Onone";
			};
			name = Debug;
		};
		8F3A1B2C4D5E6F708192A0C5 /* Release */ = {
			isa = XCBuildConfiguration;
			buildSettings = {
				ALWAYS_SEARCH_USER_PATHS = NO;
				ASSETCATALOG_COMPILER_GENERATE_SWIFT_ASSET_SYMBOL_EXTENSIONS = YES;
				CLANG_ENABLE_MODULES = YES;
				CLANG_ENABLE_OBJC_ARC = YES;
				COPY_PHASE_STRIP = NO;
				DEBUG_INFORMATION_FORMAT = "dwarf-with-dsym";
				ENABLE_NS_ASSERTIONS = NO;
				IPHONEOS_DEPLOYMENT_TARGET = 17.0;
				MTL_ENABLE_DEBUG_INFO = NO;
				SDKROOT = iphoneos;
				SWIFT_COMPILATION_MODE = wholemodule;
				VALIDATE_PRODUCT = YES;
			};
			name = Release;
		};
		8F3A1B2C4D5E6F708192A0C6 /* Debug */ = {
			isa = XCBuildConfiguration;
			buildSettings = {
				ASSETCATALOG_COMPILER_APPICON_NAME = AppIcon;
				ASSETCATALOG_COMPILER_GLOBAL_ACCENT_COLOR_NAME = AccentColor;
				CODE_SIGN_STYLE = Automatic;
				CURRENT_PROJECT_VERSION = 1;
				DEVELOPMENT_ASSET_PATHS = "";
				ENABLE_PREVIEWS = YES;
				GENERATE_INFOPLIST_FILE = YES;
				INFOPLIST_KEY_CFBundleDisplayName = "Piano-crayon";
				INFOPLIST_KEY_LSApplicationCategoryType = "public.app-category.music";
				INFOPLIST_KEY_NSMicrophoneUsageDescription = "The crayon piano lights keys from the sounds it hears — sing, play, or hold the phone toward the band.";
				INFOPLIST_KEY_UIApplicationSceneManifest_Generation = YES;
				INFOPLIST_KEY_UIApplicationSupportsIndirectInputEvents = YES;
				INFOPLIST_KEY_UILaunchScreen_Generation = YES;
				INFOPLIST_KEY_UISupportedInterfaceOrientations = "UIInterfaceOrientationPortrait UIInterfaceOrientationLandscapeLeft UIInterfaceOrientationLandscapeRight";
				INFOPLIST_KEY_UISupportedInterfaceOrientations_iPad = "UIInterfaceOrientationPortrait UIInterfaceOrientationPortraitUpsideDown UIInterfaceOrientationLandscapeLeft UIInterfaceOrientationLandscapeRight";
				LD_RUNPATH_SEARCH_PATHS = (
					"$(inherited)",
					"@executable_path/Frameworks",
				);
				MARKETING_VERSION = 1.0;
				PRODUCT_BUNDLE_IDENTIFIER = com.lebonhommepharma.crayonpiano;
				PRODUCT_NAME = "$(TARGET_NAME)";
				SUPPORTED_PLATFORMS = "iphoneos iphonesimulator";
				SUPPORTS_MACCATALYST = NO;
				SWIFT_EMIT_LOC_STRINGS = YES;
				SWIFT_STRICT_CONCURRENCY = targeted;
				SWIFT_VERSION = 5.0;
				TARGETED_DEVICE_FAMILY = "1,2";
			};
			name = Debug;
		};
		8F3A1B2C4D5E6F708192A0C7 /* Release */ = {
			isa = XCBuildConfiguration;
			buildSettings = {
				ASSETCATALOG_COMPILER_APPICON_NAME = AppIcon;
				ASSETCATALOG_COMPILER_GLOBAL_ACCENT_COLOR_NAME = AccentColor;
				CODE_SIGN_STYLE = Automatic;
				CURRENT_PROJECT_VERSION = 1;
				DEVELOPMENT_ASSET_PATHS = "";
				ENABLE_PREVIEWS = YES;
				GENERATE_INFOPLIST_FILE = YES;
				INFOPLIST_KEY_CFBundleDisplayName = "Piano-crayon";
				INFOPLIST_KEY_LSApplicationCategoryType = "public.app-category.music";
				INFOPLIST_KEY_NSMicrophoneUsageDescription = "The crayon piano lights keys from the sounds it hears — sing, play, or hold the phone toward the band.";
				INFOPLIST_KEY_UIApplicationSceneManifest_Generation = YES;
				INFOPLIST_KEY_UIApplicationSupportsIndirectInputEvents = YES;
				INFOPLIST_KEY_UILaunchScreen_Generation = YES;
				INFOPLIST_KEY_UISupportedInterfaceOrientations = "UIInterfaceOrientationPortrait UIInterfaceOrientationLandscapeLeft UIInterfaceOrientationLandscapeRight";
				INFOPLIST_KEY_UISupportedInterfaceOrientations_iPad = "UIInterfaceOrientationPortrait UIInterfaceOrientationPortraitUpsideDown UIInterfaceOrientationLandscapeLeft UIInterfaceOrientationLandscapeRight";
				LD_RUNPATH_SEARCH_PATHS = (
					"$(inherited)",
					"@executable_path/Frameworks",
				);
				MARKETING_VERSION = 1.0;
				PRODUCT_BUNDLE_IDENTIFIER = com.lebonhommepharma.crayonpiano;
				PRODUCT_NAME = "$(TARGET_NAME)";
				SUPPORTED_PLATFORMS = "iphoneos iphonesimulator";
				SUPPORTS_MACCATALYST = NO;
				SWIFT_EMIT_LOC_STRINGS = YES;
				SWIFT_STRICT_CONCURRENCY = targeted;
				SWIFT_VERSION = 5.0;
				TARGETED_DEVICE_FAMILY = "1,2";
			};
			name = Release;
		};
/* End XCBuildConfiguration section */

/* Begin XCConfigurationList section */
		8F3A1B2C4D5E6F708192A0C2 /* Build configuration list for PBXProject "CrayonPiano" */ = {
			isa = XCConfigurationList;
			buildConfigurations = (
				8F3A1B2C4D5E6F708192A0C4 /* Debug */,
				8F3A1B2C4D5E6F708192A0C5 /* Release */,
			);
			defaultConfigurationIsVisible = 0;
			defaultConfigurationName = Release;
		};
		8F3A1B2C4D5E6F708192A0C3 /* Build configuration list for PBXNativeTarget "CrayonPiano" */ = {
			isa = XCConfigurationList;
			buildConfigurations = (
				8F3A1B2C4D5E6F708192A0C6 /* Debug */,
				8F3A1B2C4D5E6F708192A0C7 /* Release */,
			);
			defaultConfigurationIsVisible = 0;
			defaultConfigurationName = Release;
		};
/* End XCConfigurationList section */
	};
	rootObject = 8F3A1B2C4D5E6F708192A0B1 /* Project object */;
}
